
Microsoft Visual Studio Solution File, Format Version 12.00
# Visual Studio Version 16
VisualStudioVersion = 16.0.28803.452
MinimumVisualStudioVersion = 10.0.40219.1
Project("{FAE04EC0-301F-11D3-BF4B-00C04F79EFBC}") = "TRMDataManager", "TRMDataManager\TRMDataManager.csproj", "{9A74BE39-3444-4842-AE87-B620A73B6025}"
EndProject
Project("{00D1A9C2-B5F0-4AF3-8072-F6C62B433612}") = "TRMData", "TRMData\TRMData.sqlproj", "{311A290E-03E7-468F-B36A-EB0B249B474F}"
EndProject
Project("{FAE04EC0-301F-11D3-BF4B-00C04F79EFBC}") = "TRMDesktopUI", "TRMDesktopUI\TRMDesktopUI.csproj", "{F4FD5213-4D60-47B4-B0D8-0337B78B5161}"
EndProject
Project("{FAE04EC0-301F-11D3-BF4B-00C04F79EFBC}") = "TRMDataManagerLibrary", "TRMDataManagerLibrary\TRMDataManagerLibrary.csproj", "{A0EB8660-4AB0-467B-937C-BAEDE1F2D21D}"
EndProject
Project("{FAE04EC0-301F-11D3-BF4B-00C04F79EFBC}") = "TRMDesktopUILibrary", "TRMDesktopUILibrary\TRMDesktopUILibrary.csproj", "{080C4880-1150-404C-AA90-E79FA7027BB7}"
EndProject
Global
	GlobalSection(SolutionConfigurationPlatforms) = preSolution
		Debug|Any CPU = Debug|Any CPU
		Release|Any CPU = Release|Any CPU
	EndGlobalSection
	GlobalSection(ProjectConfigurationPlatforms) = postSolution
		{9A74BE39-3444-4842-AE87-B620A73B6025}.Debug|Any CPU.ActiveCfg = Debug|Any CPU
		{9A74BE39-3444-4842-AE87-B620A73B6025}.Debug|Any CPU.Build.0 = Debug|Any CPU
		{9A74BE39-3444-4842-AE87-B620A73B6025}.Release|Any CPU.ActiveCfg = Release|Any CPU
		{9A74BE39-3444-4842-AE87-B620A73B6025}.Release|Any CPU.Build.0 = Release|Any CPU
		{311A290E-03E7-468F-B36A-EB0B249B474F}.Debug|Any CPU.ActiveCfg = Debug|Any CPU
		{311A290E-03E7-468F-B36A-EB0B249B474F}.Debug|Any CPU.Build.0 = Debug|Any CPU
		{311A290E-03E7-468F-B36A-EB0B249B474F}.Debug|Any CPU.Deploy.0 = Debug|Any CPU
		{311A290E-03E7-468F-B36A-EB0B249B474F}.Release|Any CPU.ActiveCfg = Release|Any CPU
		{311A290E-03E7-468F-B36A-EB0B249B474F}.Release|Any CPU.Build.0 = Release|Any CPU
		{311A290E-03E7-468F-B36A-EB0B249B474F}.Release|Any CPU.Deploy.0 = Release|Any CPU
		{F4FD5213-4D60-47B4-B0D8-0337B78B5161}.Debug|Any CPU.ActiveCfg = Debug|Any CPU
		{F4FD5213-4D60-47B4-B0D8-0337B78B5161}.Debug|Any CPU.Build.0 = Debug|Any CPU
		{F4FD5213-4D60-47B4-B0D8-0337B78B5161}.Release|Any CPU.ActiveCfg = Release|Any CPU
		{F4FD5213-4D60-47B4-B0D8-0337B78B5161}.Release|Any CPU.Build.0 = Release|Any CPU
		{A0EB8660-4AB0-467B-937C-BAEDE1F2D21D}.Debug|Any CPU.ActiveCfg = Debug|Any CPU
		{A0EB8660-4AB0-467B-937C-BAEDE1F2D21D}.Debug|Any CPU.Build.0 = Debug|Any CPU
		{A0EB8660-4AB0-467B-937C-BAEDE1F2D21D}.Release|Any CPU.ActiveCfg = Release|Any CPU
		{A0EB8660-4AB0-467B-937C-BAEDE1F2D21D}.Release|Any CPU.Build.0 = Release|Any CPU
		{080C4880-1150-404C-AA90-E79FA7027BB7}.Debug|Any CPU.ActiveCfg = Debug|Any CPU
		{080C4880-1150-404C-AA90-E79FA7027BB7}.Debug|Any CPU.Build.0 = Debug|Any CPU
		{080C4880-1150-404C-AA90-E79FA7027BB7}.Release|Any CPU.ActiveCfg = Release|Any CPU
		{080C4880-1150-404C-AA90-E79FA7027BB7}.Release|Any CPU.Build.0 = Release|Any CPU
	EndGlobalSection
	GlobalSection(SolutionProperties) = preSolution
		HideSolutionNode = FALSE
	EndGlobalSection
	GlobalSection(ExtensibilityGlobals) = postSolution
		SolutionGuid = {8928ABAB-E802-480D-8BB4-96B4620EE77E}
	EndGlobalSection
EndGlobal
